// !$*UTF8*$!
{
	archiveVersion = 1;
	classes = {
	};
	objectVersion = 46;
	objects = {

/* Begin PBXBuildFile section */
		C16810BC1D98A56900D89652 /* AppDelegate.swift in Sources */ = {isa = PBXBuildFile; fileRef = C16810BB1D98A56900D89652 /* AppDelegate.swift */; };
		C16810BE1D98A56900D89652 /* ViewController.swift in Sources */ = {isa = PBXBuildFile; fileRef = C16810BD1D98A56900D89652 /* ViewController.swift */; };
		C16810C31D98A56900D89652 /* Assets.xcassets in Resources */ = {isa = PBXBuildFile; fileRef = C16810C21D98A56900D89652 /* Assets.xcassets */; };
		C16810C61D98A56900D89652 /* LaunchScreen.storyboard in Resources */ = {isa = PBXBuildFile; fileRef = C16810C41D98A56900D89652 /* LaunchScreen.storyboard */; };
		C16810D11D98A56900D89652 /* Food_TrackerTests.swift in Sources */ = {isa = PBXBuildFile; fileRef = C16810D01D98A56900D89652 /* Food_TrackerTests.swift */; };
		C16810DC1D98AB8F00D89652 /* Main.storyboard in Resources */ = {isa = PBXBuildFile; fileRef = C16810DB1D98AB8F00D89652 /* Main.storyboard */; };
		C16810DE1D98ABE700D89652 /* RatingControl.swift in Sources */ = {isa = PBXBuildFile; fileRef = C16810DD1D98ABE700D89652 /* RatingControl.swift */; };
		C16810E01D98ACBA00D89652 /* Meal.swift in Sources */ = {isa = PBXBuildFile; fileRef = C16810DF1D98ACBA00D89652 /* Meal.swift */; };
		C16810E21D98AD1B00D89652 /* MealTableViewController.swift in Sources */ = {isa = PBXBuildFile; fileRef = C16810E11D98AD1B00D89652 /* MealTableViewController.swift */; };
		C16810E41D98AD4100D89652 /* MealTableViewCell.swift in Sources */ = {isa = PBXBuildFile; fileRef = C16810E31D98AD4100D89652 /* MealTableViewCell.swift */; };
/* End PBXBuildFile section */

/* Begin PBXContainerItemProxy section */
		C16810CD1D98A56900D89652 /* PBXContainerItemProxy */ = {
			isa = PBXContainerItemProxy;
			containerPortal = C16810B01D98A56900D89652 /* Project object */;
			proxyType = 1;
			remoteGlobalIDString = C16810B71D98A56900D89652;
			remoteInfo = "Food Tracker";
		};
/* End PBXContainerItemProxy section */

/* Begin PBXFileReference section */
		C16810B81D98A56900D89652 /* Food Tracker.app */ = {isa = PBXFileReference; explicitFileType = wrapper.application; includeInIndex = 0; path = "Food Tracker.app"; sourceTree = BUILT_PRODUCTS_DIR; };
		C16810BB1D98A56900D89652 /* AppDelegate.swift */ = {isa = PBXFileReference; lastKnownFileType = sourcecode.swift; path = AppDelegate.swift; sourceTree = "<group>"; };
		C16810BD1D98A56900D89652 /* ViewController.swift */ = {isa = PBXFileReference; lastKnownFileType = sourcecode.swift; path = ViewController.swift; sourceTree = "<group>"; };
		C16810C21D98A56900D89652 /* Assets.xcassets */ = {isa = PBXFileReference; lastKnownFileType = folder.assetcatalog; path = Assets.xcassets; sourceTree = "<group>"; };
		C16810C51D98A56900D89652 /* Base */ = {isa = PBXFileReference; lastKnownFileType = file.storyboard; name = Base; path = Base.lproj/LaunchScreen.storyboard; sourceTree = "<group>"; };
		C16810C71D98A56900D89652 /* Info.plist */ = {isa = PBXFileReference; lastKnownFileType = text.plist.xml; path = Info.plist; sourceTree = "<group>"; };
		C16810CC1D98A56900D89652 /* Food TrackerTests.xctest */ = {isa = PBXFileReference; explicitFileType = wrapper.cfbundle; includeInIndex = 0; path = "Food TrackerTests.xctest"; sourceTree = BUILT_PRODUCTS_DIR; };
		C16810D01D98A56900D89652 /* Food_TrackerTests.swift */ = {isa = PBXFileReference; lastKnownFileType = sourcecode.swift; path = Food_TrackerTests.swift; sourceTree = "<group>"; };
		C16810D21D98A56900D89652 /* Info.plist */ = {isa = PBXFileReference; lastKnownFileType = text.plist.xml; path = Info.plist; sourceTree = "<group>"; };
		C16810DB1D98AB8F00D89652 /* Main.storyboard */ = {isa = PBXFileReference; fileEncoding = 4; lastKnownFileType = file.storyboard; path = Main.storyboard; sourceTree = "<group>"; };
		C16810DD1D98ABE700D89652 /* RatingControl.swift */ = {isa = PBXFileReference; fileEncoding = 4; lastKnownFileType = sourcecode.swift; path = RatingControl.swift; sourceTree = "<group>"; };
		C16810DF1D98ACBA00D89652 /* Meal.swift */ = {isa = PBXFileReference; fileEncoding = 4; lastKnownFileType = sourcecode.swift; path = Meal.swift; sourceTree = "<group>"; };
		C16810E11D98AD1B00D89652 /* MealTableViewController.swift */ = {isa = PBXFileReference; fileEncoding = 4; lastKnownFileType = sourcecode.swift; path = MealTableViewController.swift; sourceTree = "<group>"; };
		C16810E31D98AD4100D89652 /* MealTableViewCell.swift */ = {isa = PBXFileReference; fileEncoding = 4; lastKnownFileType = sourcecode.swift; path = MealTableViewCell.swift; sourceTree = "<group>"; };
/* End PBXFileReference section */

/* Begin PBXFrameworksBuildPhase section */
		C16810B51D98A56900D89652 /* Frameworks */ = {
			isa = PBXFrameworksBuildPhase;
			buildActionMask = 2147483647;
			files = (
			);
			runOnlyForDeploymentPostprocessing = 0;
		};
		C16810C91D98A56900D89652 /* Frameworks */ = {
			isa = PBXFrameworksBuildPhase;
			buildActionMask = 2147483647;
			files = (
			);
			runOnlyForDeploymentPostprocessing = 0;
		};
/* End PBXFrameworksBuildPhase section */

/* Begin PBXGroup section */
		C16810AF1D98A56900D89652 = {
			isa = PBXGroup;
			children = (
				C16810BA1D98A56900D89652 /* Food Tracker */,
				C16810CF1D98A56900D89652 /* Food TrackerTests */,
				C16810B91D98A56900D89652 /* Products */,
			);
			sourceTree = "<group>";
		};
		C16810B91D98A56900D89652 /* Products */ = {
			isa = PBXGroup;
			children = (
				C16810B81D98A56900D89652 /* Food Tracker.app */,
				C16810CC1D98A56900D89652 /* Food TrackerTests.xctest */,
			);
			name = Products;
			sourceTree = "<group>";
		};
		C16810BA1D98A56900D89652 /* Food Tracker */ = {
			isa = PBXGroup;
			children = (
				C16810BB1D98A56900D89652 /* AppDelegate.swift */,
				C16810BD1D98A56900D89652 /* ViewController.swift */,
				C16810DD1D98ABE700D89652 /* RatingControl.swift */,
				C16810DF1D98ACBA00D89652 /* Meal.swift */,
				C16810DB1D98AB8F00D89652 /* Main.storyboard */,
				C16810C21D98A56900D89652 /* Assets.xcassets */,
				C16810E11D98AD1B00D89652 /* MealTableViewController.swift */,
				C16810E31D98AD4100D89652 /* MealTableViewCell.swift */,
				C16810C41D98A56900D89652 /* LaunchScreen.storyboard */,
				C16810C71D98A56900D89652 /* Info.plist */,
			);
			path = "Food Tracker";
			sourceTree = "<group>";
		};
		C16810CF1D98A56900D89652 /* Food TrackerTests */ = {
			isa = PBXGroup;
			children = (
				C16810D01D98A56900D89652 /* Food_TrackerTests.swift */,
				C16810D21D98A56900D89652 /* Info.plist */,
			);
			path = "Food TrackerTests";
			sourceTree = "<group>";
		};
/* End PBXGroup section */

/* Begin PBXNativeTarget section */
		C16810B71D98A56900D89652 /* Food Tracker */ = {
			isa = PBXNativeTarget;
			buildConfigurationList = C16810D51D98A56900D89652 /* Build configuration list for PBXNativeTarget "Food Tracker" */;
			buildPhases = (
				C16810B41D98A56900D89652 /* Sources */,
				C16810B51D98A56900D89652 /* Frameworks */,
				C16810B61D98A56900D89652 /* Resources */,
			);
			buildRules = (
			);
			dependencies = (
			);
			name = "Food Tracker";
			productName = "Food Tracker";
			productReference = C16810B81D98A56900D89652 /* Food Tracker.app */;
			productType = "com.apple.product-type.application";
		};
		C16810CB1D98A56900D89652 /* Food TrackerTests */ = {
			isa = PBXNativeTarget;
			buildConfigurationList = C16810D81D98A56900D89652 /* Build configuration list for PBXNativeTarget "Food TrackerTests" */;
			buildPhases = (
				C16810C81D98A56900D89652 /* Sources */,
				C16810C91D98A56900D89652 /* Frameworks */,
				C16810CA1D98A56900D89652 /* Resources */,
			);
			buildRules = (
			);
			dependencies = (
				C16810CE1D98A56900D89652 /* PBXTargetDependency */,
			);
			name = "Food TrackerTests";
			productName = "Food TrackerTests";
			productReference = C16810CC1D98A56900D89652 /* Food TrackerTests.xctest */;
			productType = "com.apple.product-type.bundle.unit-test";
		};
/* End PBXNativeTarget section */

/* Begin PBXProject section */
		C16810B01D98A56900D89652 /* Project object */ = {
			isa = PBXProject;
			attributes = {
				LastSwiftUpdateCheck = 0730;
				LastUpgradeCheck = 0730;
				ORGANIZATIONNAME = "Kyle Hornberger";
				TargetAttributes = {
					C16810B71D98A56900D89652 = {
						CreatedOnToolsVersion = 7.3.1;
					};
					C16810CB1D98A56900D89652 = {
						CreatedOnToolsVersion = 7.3.1;
						TestTargetID = C16810B71D98A56900D89652;
					};
				};
			};
			buildConfigurationList = C16810B31D98A56900D89652 /* Build configuration list for PBXProject "Food Tracker" */;
			compatibilityVersion = "Xcode 3.2";
			developmentRegion = English;
			hasScannedForEncodings = 0;
			knownRegions = (
				en,
				Base,
			);
			mainGroup = C16810AF1D98A56900D89652;
			productRefGroup = C16810B91D98A56900D89652 /* Products */;
			projectDirPath = "";
			projectRoot = "";
			targets = (
				C16810B71D98A56900D89652 /* Food Tracker */,
				C16810CB1D98A56900D89652 /* Food TrackerTests */,
			);
		};
/* End PBXProject section */

/* Begin PBXResourcesBuildPhase section */
		C16810B61D98A56900D89652 /* Resources */ = {
			isa = PBXResourcesBuildPhase;
			buildActionMask = 2147483647;
			files = (
				C16810DC1D98AB8F00D89652 /* Main.storyboard in Resources */,
				C16810C61D98A56900D89652 /* LaunchScreen.storyboard in Resources */,
				C16810C31D98A56900D89652 /* Assets.xcassets in Resources */,
			);
			runOnlyForDeploymentPostprocessing = 0;
		};
		C16810CA1D98A56900D89652 /* Resources */ = {
			isa = PBXResourcesBuildPhase;
			buildActionMask = 2147483647;
			files = (
			);
			runOnlyForDeploymentPostprocessing = 0;
		};
/* End PBXResourcesBuildPhase section */

/* Begin PBXSourcesBuildPhase section */
		C16810B41D98A56900D89652 /* Sources */ = {
			isa = PBXSourcesBuildPhase;
			buildActionMask = 2147483647;
			files = (
				C16810E21D98AD1B00D89652 /* MealTableViewController.swift in Sources */,
				C16810E01D98ACBA00D89652 /* Meal.swift in Sources */,
				C16810E41D98AD4100D89652 /* MealTableViewCell.swift in Sources */,
				C16810BE1D98A56900D89652 /* ViewController.swift in Sources */,
				C16810DE1D98ABE700D89652 /* RatingControl.swift in Sources */,
				C16810BC1D98A56900D89652 /* AppDelegate.swift in Sources */,
			);
			runOnlyForDeploymentPostprocessing = 0;
		};
		C16810C81D98A56900D89652 /* Sources */ = {
			isa = PBXSourcesBuildPhase;
			buildActionMask = 2147483647;
			files = (
				C16810D11D98A56900D89652 /* Food_TrackerTests.swift in Sources */,
			);
			runOnlyForDeploymentPostprocessing = 0;
		};
/* End PBXSourcesBuildPhase section */

/* Begin PBXTargetDependency section */
		C16810CE1D98A56900D89652 /* PBXTargetDependency */ = {
			isa = PBXTargetDependency;
			target = C16810B71D98A56900D89652 /* Food Tracker */;
			targetProxy = C16810CD1D98A56900D89652 /* PBXContainerItemProxy */;
		};
/* End PBXTargetDependency section */

/* Begin PBXVariantGroup section */
		C16810C41D98A56900D89652 /* LaunchScreen.storyboard */ = {
			isa = PBXVariantGroup;
			children = (
				C16810C51D98A56900D89652 /* Base */,
			);
			name = LaunchScreen.storyboard;
			sourceTree = "<group>";
		};
/* End PBXVariantGroup section */

/* Begin XCBuildConfiguration section */
		C16810D31D98A56900D89652 /* Debug */ = {
			isa = XCBuildConfiguration;
			buildSettings = {
				ALWAYS_SEARCH_USER_PATHS = NO;
				CLANG_ANALYZER_NONNULL = YES;
				CLANG_CXX_LANGUAGE_STANDARD = "gnu++0x";
				CLANG_CXX_LIBRARY = "libc++";
				CLANG_ENABLE_MODULES = YES;
				CLANG_ENABLE_OBJC_ARC = YES;
				CLANG_WARN_BOOL_CONVERSION = YES;
				CLANG_WARN_CONSTANT_CONVERSION = YES;
				CLANG_WARN_DIRECT_OBJC_ISA_USAGE = YES_ERROR;
				CLANG_WARN_EMPTY_BODY = YES;
				CLANG_WARN_ENUM_CONVERSION = YES;
				CLANG_WARN_INT_CONVERSION = YES;
				CLANG_WARN_OBJC_ROOT_CLASS = YES_ERROR;
				CLANG_WARN_UNREACHABLE_CODE = YES;
				CLANG_WARN__DUPLICATE_METHOD_MATCH = YES;
				"CODE_SIGN_IDENTITY[sdk=iphoneos*]" = "iPhone Developer";
				COPY_PHASE_STRIP = NO;
				DEBUG_INFORMATION_FORMAT = dwarf;
				ENABLE_STRICT_OBJC_MSGSEND = YES;
				ENABLE_TESTABILITY = YES;
				GCC_C_LANGUAGE_STANDARD = gnu99;
				GCC_DYNAMIC_NO_PIC = NO;
				GCC_NO_COMMON_BLOCKS = YES;
				GCC_OPTIMIZATION_LEVEL = 0;
				GCC_PREPROCESSOR_DEFINITIONS = (
					"DEBUG=1",
					"$(inherited)",
				);
				GCC_WARN_64_TO_32_BIT_CONVERSION = YES;
				GCC_WARN_ABOUT_RETURN_TYPE = YES_ERROR;
				GCC_WARN_UNDECLARED_SELECTOR = YES;
				GCC_WARN_UNINITIALIZED_AUTOS = YES_AGGRESSIVE;
				GCC_WARN_UNUSED_FUNCTION = YES;
				GCC_WARN_UNUSED_VARIABLE = YES;
				IPHONEOS_DEPLOYMENT_TARGET = 9.3;
				MTL_ENABLE_DEBUG_INFO = YES;
				ONLY_ACTIVE_ARCH = YES;
				SDKROOT = iphoneos;
				SWIFT_OPTIMIZATION_LEVEL = "-Onone";
				TARGETED_DEVICE_FAMILY = "1,2";
			};
			name = Debug;
		};
		C16810D41D98A56900D89652 /* Release */ = {
			isa = XCBuildConfiguration;
			buildSettings = {
				ALWAYS_SEARCH_USER_PATHS = NO;
				CLANG_ANALYZER_NONNULL = YES;
				CLANG_CXX_LANGUAGE_STANDARD = "gnu++0x";
				CLANG_CXX_LIBRARY = "libc++";
				CLANG_ENABLE_MODULES = YES;
				CLANG_ENABLE_OBJC_ARC = YES;
				CLANG_WARN_BOOL_CONVERSION = YES;
				CLANG_WARN_CONSTANT_CONVERSION = YES;
				CLANG_WARN_DIRECT_OBJC_ISA_USAGE = YES_ERROR;
				CLANG_WARN_EMPTY_BODY = YES;
				CLANG_WARN_ENUM_CONVERSION = YES;
				CLANG_WARN_INT_CONVERSION = YES;
				CLANG_WARN_OBJC_ROOT_CLASS = YES_ERROR;
				CLANG_WARN_UNREACHABLE_CODE = YES;
				CLANG_WARN__DUPLICATE_METHOD_MATCH = YES;
				"CODE_SIGN_IDENTITY[sdk=iphoneos*]" = "iPhone Developer";
				COPY_PHASE_STRIP = NO;
				DEBUG_INFORMATION_FORMAT = "dwarf-with-dsym";
				ENABLE_NS_ASSERTIONS = NO;
				ENABLE_STRICT_OBJC_MSGSEND = YES;
				GCC_C_LANGUAGE_STANDARD = gnu99;
				GCC_NO_COMMON_BLOCKS = YES;
				GCC_WARN_64_TO_32_BIT_CONVERSION = YES;
				GCC_WARN_ABOUT_RETURN_TYPE = YES_ERROR;
				GCC_WARN_UNDECLARED_SELECTOR = YES;
				GCC_WARN_UNINITIALIZED_AUTOS = YES_AGGRESSIVE;
				GCC_WARN_UNUSED_FUNCTION = YES;
				GCC_WARN_UNUSED_VARIABLE = YES;
				IPHONEOS_DEPLOYMENT_TARGET = 9.3;
				MTL_ENABLE_DEBUG_INFO = NO;
				SDKROOT = iphoneos;
				TARGETED_DEVICE_FAMILY = "1,2";
				VALIDATE_PRODUCT = YES;
			};
			name = Release;
		};
		C16810D61D98A56900D89652 /* Debug */ = {
			isa = XCBuildConfiguration;
			buildSettings = {
				ASSETCATALOG_COMPILER_APPICON_NAME = AppIcon;
				INFOPLIST_FILE = "Food Tracker/Info.plist";
				LD_RUNPATH_SEARCH_PATHS = "$(inherited) @executable_path/Frameworks";
				PRODUCT_BUNDLE_IDENTIFIER = "com.Kyle-Hornberger.Food-Tracker";
				PRODUCT_NAME = "$(TARGET_NAME)";
			};
			name = Debug;
		};
		C16810D71D98A56900D89652 /* Release */ = {
			isa = XCBuildConfiguration;
			buildSettings = {
				ASSETCATALOG_COMPILER_APPICON_NAME = AppIcon;
				INFOPLIST_FILE = "Food Tracker/Info.plist";
				LD_RUNPATH_SEARCH_PATHS = "$(inherited) @executable_path/Frameworks";
				PRODUCT_BUNDLE_IDENTIFIER = "com.Kyle-Hornberger.Food-Tracker";
				PRODUCT_NAME = "$(TARGET_NAME)";
			};
			name = Release;
		};
		C16810D91D98A56900D89652 /* Debug */ = {
			isa = XCBuildConfiguration;
			buildSettings = {
				BUNDLE_LOADER = "$(TEST_HOST)";
				INFOPLIST_FILE = "Food TrackerTests/Info.plist";
				LD_RUNPATH_SEARCH_PATHS = "$(inherited) @executable_path/Frameworks @loader_path/Frameworks";
				PRODUCT_BUNDLE_IDENTIFIER = "com.Kyle-Hornberger.Food-TrackerTests";
				PRODUCT_NAME = "$(TARGET_NAME)";
				TEST_HOST = "$(BUILT_PRODUCTS_DIR)/Food Tracker.app/Food Tracker";
			};
			name = Debug;
		};
		C16810DA1D98A56900D89652 /* Release */ = {
			isa = XCBuildConfiguration;
			buildSettings = {
				BUNDLE_LOADER = "$(TEST_HOST)";
				INFOPLIST_FILE = "Food TrackerTests/Info.plist";
				LD_RUNPATH_SEARCH_PATHS = "$(inherited) @executable_path/Frameworks @loader_path/Frameworks";
				PRODUCT_BUNDLE_IDENTIFIER = "com.Kyle-Hornberger.Food-TrackerTests";
				PRODUCT_NAME = "$(TARGET_NAME)";
				TEST_HOST = "$(BUILT_PRODUCTS_DIR)/Food Tracker.app/Food Tracker";
			};
			name = Release;
		};
/* End XCBuildConfiguration section */

/* Begin XCConfigurationList section */
		C16810B31D98A56900D89652 /* Build configuration list for PBXProject "Food Tracker" */ = {
			isa = XCConfigurationList;
			buildConfigurations = (
				C16810D31D98A56900D89652 /* Debug */,
				C16810D41D98A56900D89652 /* Release */,
			);
			defaultConfigurationIsVisible = 0;
			defaultConfigurationName = Release;
		};
		C16810D51D98A56900D89652 /* Build configuration list for PBXNativeTarget "Food Tracker" */ = {
			isa = XCConfigurationList;
			buildConfigurations = (
				C16810D61D98A56900D89652 /* Debug */,
				C16810D71D98A56900D89652 /* Release */,
			);
			defaultConfigurationIsVisible = 0;
		};
		C16810D81D98A56900D89652 /* Build configuration list for PBXNativeTarget "Food TrackerTests" */ = {
			isa = XCConfigurationList;
			buildConfigurations = (
				C16810D91D98A56900D89652 /* Debug */,
				C16810DA1D98A56900D89652 /* Release */,
			);
			defaultConfigurationIsVisible = 0;
		};
/* End XCConfigurationList section */
	};
	rootObject = C16810B01D98A56900D89652 /* Project object */;
}
